
Microsoft Visual Studio Solution File, Format Version 12.00
# Visual Studio Version 16
VisualStudioVersion = 16.0.31129.286
MinimumVisualStudioVersion = 10.0.40219.1
Project("{9A19103F-16F7-4668-BE54-9A1E7A4F7556}") = "netUnitTestDemo", "netUnitTestDemo\netUnitTestDemo.csproj", "{A5D07EFF-4293-45F8-8BF0-F50DE2002E91}"
EndProject
Project("{9A19103F-16F7-4668-BE54-9A1E7A4F7556}") = "Calculation.Test", "Calculation.Test\Calculation.Test.csproj", "{64E252CC-017C-4B7F-A461-0397B2D3AEEA}"
EndProject
Project("{FAE04EC0-301F-11D3-BF4B-00C04F79EFBC}") = "test2", "test2\test2.csproj", "{1C862D9C-EB48-4C52-9B39-DD1470C4D061}"
EndProject
Global
	GlobalSection(SolutionConfigurationPlatforms) = preSolution
		Debug|Any CPU = Debug|Any CPU
		Release|Any CPU = Release|Any CPU
	EndGlobalSection
	GlobalSection(ProjectConfigurationPlatforms) = postSolution
		{A5D07EFF-4293-45F8-8BF0-F50DE2002E91}.Debug|Any CPU.ActiveCfg = Debug|Any CPU
		{A5D07EFF-4293-45F8-8BF0-F50DE2002E91}.Debug|Any CPU.Build.0 = Debug|Any CPU
		{A5D07EFF-4293-45F8-8BF0-F50DE2002E91}.Release|Any CPU.ActiveCfg = Release|Any CPU
		{A5D07EFF-4293-45F8-8BF0-F50DE2002E91}.Release|Any CPU.Build.0 = Release|Any CPU
		{64E252CC-017C-4B7F-A461-0397B2D3AEEA}.Debug|Any CPU.ActiveCfg = Debug|Any CPU
		{64E252CC-017C-4B7F-A461-0397B2D3AEEA}.Debug|Any CPU.Build.0 = Debug|Any CPU
		{64E252CC-017C-4B7F-A461-0397B2D3AEEA}.Release|Any CPU.ActiveCfg = Release|Any CPU
		{64E252CC-017C-4B7F-A461-0397B2D3AEEA}.Release|Any CPU.Build.0 = Release|Any CPU
		{1C862D9C-EB48-4C52-9B39-DD1470C4D061}.Debug|Any CPU.ActiveCfg = Debug|Any CPU
		{1C862D9C-EB48-4C52-9B39-DD1470C4D061}.Debug|Any CPU.Build.0 = Debug|Any CPU
		{1C862D9C-EB48-4C52-9B39-DD1470C4D061}.Release|Any CPU.ActiveCfg = Release|Any CPU
		{1C862D9C-EB48-4C52-9B39-DD1470C4D061}.Release|Any CPU.Build.0 = Release|Any CPU
	EndGlobalSection
	GlobalSection(SolutionProperties) = preSolution
		HideSolutionNode = FALSE
	EndGlobalSection
	GlobalSection(ExtensibilityGlobals) = postSolution
		SolutionGuid = {0E2F2605-1F06-44F3-903A-EAFCA6AE5B6C}
	EndGlobalSection
EndGlobal
